
Microsoft Visual Studio Solution File, Format Version 12.00
# Visual Studio Version 16
VisualStudioVersion = 16.0.29123.88
MinimumVisualStudioVersion = 10.0.40219.1
Project("{FAE04EC0-301F-11D3-BF4B-00C04F79EFBC}") = "HtmlScrapper.Common", "HtmlScrapper.Common\HtmlScrapper.Common.csproj", "{13BAFE22-A7EE-43E9-AF70-2EE76A38D5C7}"
EndProject
Project("{FAE04EC0-301F-11D3-BF4B-00C04F79EFBC}") = "HtmlScrapper.ConsoleApp", "HtmlScrapper.ConsoleApp\HtmlScrapper.ConsoleApp.csproj", "{20045A0C-559B-4A6B-8865-C1B34C9ADE36}"
EndProject
Global
	GlobalSection(SolutionConfigurationPlatforms) = preSolution
		Debug|Any CPU = Debug|Any CPU
		Release|Any CPU = Release|Any CPU
	EndGlobalSection
	GlobalSection(ProjectConfigurationPlatforms) = postSolution
		{13BAFE22-A7EE-43E9-AF70-2EE76A38D5C7}.Debug|Any CPU.ActiveCfg = Debug|Any CPU
		{13BAFE22-A7EE-43E9-AF70-2EE76A38D5C7}.Debug|Any CPU.Build.0 = Debug|Any CPU
		{13BAFE22-A7EE-43E9-AF70-2EE76A38D5C7}.Release|Any CPU.ActiveCfg = Release|Any CPU
		{13BAFE22-A7EE-43E9-AF70-2EE76A38D5C7}.Release|Any CPU.Build.0 = Release|Any CPU
		{20045A0C-559B-4A6B-8865-C1B34C9ADE36}.Debug|Any CPU.ActiveCfg = Debug|Any CPU
		{20045A0C-559B-4A6B-8865-C1B34C9ADE36}.Debug|Any CPU.Build.0 = Debug|Any CPU
		{20045A0C-559B-4A6B-8865-C1B34C9ADE36}.Release|Any CPU.ActiveCfg = Release|Any CPU
		{20045A0C-559B-4A6B-8865-C1B34C9ADE36}.Release|Any CPU.Build.0 = Release|Any CPU
	EndGlobalSection
	GlobalSection(SolutionProperties) = preSolution
		HideSolutionNode = FALSE
	EndGlobalSection
	GlobalSection(ExtensibilityGlobals) = postSolution
		SolutionGuid = {6A0946D3-457F-4812-A2A6-2AED5EC8D13D}
	EndGlobalSection
EndGlobal
